
Microsoft Visual Studio Solution File, Format Version 12.00
# Visual Studio Version 17
VisualStudioVersion = 17.10.35122.118
MinimumVisualStudioVersion = 10.0.40219.1
Project("{2150E333-8FDC-42A3-9474-1A3956D46DE8}") = "Doc", "Doc", "{ED1A7F08-B9A5-42DB-A035-F18723B2D206}"
EndProject
Project("{2150E333-8FDC-42A3-9474-1A3956D46DE8}") = "Src", "Src", "{11939705-3735-4665-A12F-71C886D2317D}"
EndProject
Project("{2150E333-8FDC-42A3-9474-1A3956D46DE8}") = "Test", "Test", "{6BF103C2-B0A1-4CB3-8A95-C3D81DC0EEA3}"
EndProject
Project("{2150E333-8FDC-42A3-9474-1A3956D46DE8}") = "Core", "Core", "{3D95D93F-9363-4FBF-BF9B-D52779CC5C18}"
EndProject
Project("{2150E333-8FDC-42A3-9474-1A3956D46DE8}") = "Common", "Common", "{250F6F88-73EA-45EE-BFF7-26BCC01DD231}"
EndProject
Project("{2150E333-8FDC-42A3-9474-1A3956D46DE8}") = "Infrastructure", "Infrastructure", "{A83CDE2A-0F69-43E5-8C06-B672EE970837}"
EndProject
Project("{2150E333-8FDC-42A3-9474-1A3956D46DE8}") = "Presentation", "Presentation", "{0429137E-594D-4DD2-947F-75BD538C0C00}"
EndProject
Project("{FAE04EC0-301F-11D3-BF4B-00C04F79EFBC}") = "04-06-01-ecommerce.Domain", "04-06-01-ecommerce.Domain\04-06-01-ecommerce.Domain.csproj", "{396185E1-2BEB-4D7F-B912-460D4D0A7770}"
EndProject
Project("{FAE04EC0-301F-11D3-BF4B-00C04F79EFBC}") = "04-06-01-ecommerce.Application", "04-06-01-ecommerce.Application\04-06-01-ecommerce.Application.csproj", "{BE944EC1-2301-4410-B9D2-C1243548F948}"
EndProject
Project("{FAE04EC0-301F-11D3-BF4B-00C04F79EFBC}") = "04-06-01-ecommerce.Infrastructure", "04-06-01-ecommerce.Infrastructure\04-06-01-ecommerce.Infrastructure.csproj", "{9F1FBDB5-393D-4D0F-90F0-2BAE95B905AD}"
EndProject
Project("{FAE04EC0-301F-11D3-BF4B-00C04F79EFBC}") = "04-06-01-ecommerce.Persistence", "04-06-01-ecommerce.Persistence\04-06-01-ecommerce.Persistence.csproj", "{85AD12E4-9953-418C-A9F9-1656470516A6}"
EndProject
Project("{FAE04EC0-301F-11D3-BF4B-00C04F79EFBC}") = "Endpint.WebSite", "Endpint.WebSite\Endpint.WebSite.csproj", "{AB7D76F3-592F-4E4F-83BF-22DB490DFA70}"
EndProject
Global
	GlobalSection(SolutionConfigurationPlatforms) = preSolution
		Debug|Any CPU = Debug|Any CPU
		Release|Any CPU = Release|Any CPU
	EndGlobalSection
	GlobalSection(ProjectConfigurationPlatforms) = postSolution
		{396185E1-2BEB-4D7F-B912-460D4D0A7770}.Debug|Any CPU.ActiveCfg = Debug|Any CPU
		{396185E1-2BEB-4D7F-B912-460D4D0A7770}.Debug|Any CPU.Build.0 = Debug|Any CPU
		{396185E1-2BEB-4D7F-B912-460D4D0A7770}.Release|Any CPU.ActiveCfg = Release|Any CPU
		{396185E1-2BEB-4D7F-B912-460D4D0A7770}.Release|Any CPU.Build.0 = Release|Any CPU
		{BE944EC1-2301-4410-B9D2-C1243548F948}.Debug|Any CPU.ActiveCfg = Debug|Any CPU
		{BE944EC1-2301-4410-B9D2-C1243548F948}.Debug|Any CPU.Build.0 = Debug|Any CPU
		{BE944EC1-2301-4410-B9D2-C1243548F948}.Release|Any CPU.ActiveCfg = Release|Any CPU
		{BE944EC1-2301-4410-B9D2-C1243548F948}.Release|Any CPU.Build.0 = Release|Any CPU
		{9F1FBDB5-393D-4D0F-90F0-2BAE95B905AD}.Debug|Any CPU.ActiveCfg = Debug|Any CPU
		{9F1FBDB5-393D-4D0F-90F0-2BAE95B905AD}.Debug|Any CPU.Build.0 = Debug|Any CPU
		{9F1FBDB5-393D-4D0F-90F0-2BAE95B905AD}.Release|Any CPU.ActiveCfg = Release|Any CPU
		{9F1FBDB5-393D-4D0F-90F0-2BAE95B905AD}.Release|Any CPU.Build.0 = Release|Any CPU
		{85AD12E4-9953-418C-A9F9-1656470516A6}.Debug|Any CPU.ActiveCfg = Debug|Any CPU
		{85AD12E4-9953-418C-A9F9-1656470516A6}.Debug|Any CPU.Build.0 = Debug|Any CPU
		{85AD12E4-9953-418C-A9F9-1656470516A6}.Release|Any CPU.ActiveCfg = Release|Any CPU
		{85AD12E4-9953-418C-A9F9-1656470516A6}.Release|Any CPU.Build.0 = Release|Any CPU
		{AB7D76F3-592F-4E4F-83BF-22DB490DFA70}.Debug|Any CPU.ActiveCfg = Debug|Any CPU
		{AB7D76F3-592F-4E4F-83BF-22DB490DFA70}.Debug|Any CPU.Build.0 = Debug|Any CPU
		{AB7D76F3-592F-4E4F-83BF-22DB490DFA70}.Release|Any CPU.ActiveCfg = Release|Any CPU
		{AB7D76F3-592F-4E4F-83BF-22DB490DFA70}.Release|Any CPU.Build.0 = Release|Any CPU
	EndGlobalSection
	GlobalSection(SolutionProperties) = preSolution
		HideSolutionNode = FALSE
	EndGlobalSection
	GlobalSection(NestedProjects) = preSolution
		{3D95D93F-9363-4FBF-BF9B-D52779CC5C18} = {11939705-3735-4665-A12F-71C886D2317D}
		{250F6F88-73EA-45EE-BFF7-26BCC01DD231} = {11939705-3735-4665-A12F-71C886D2317D}
		{A83CDE2A-0F69-43E5-8C06-B672EE970837} = {11939705-3735-4665-A12F-71C886D2317D}
		{0429137E-594D-4DD2-947F-75BD538C0C00} = {11939705-3735-4665-A12F-71C886D2317D}
		{396185E1-2BEB-4D7F-B912-460D4D0A7770} = {3D95D93F-9363-4FBF-BF9B-D52779CC5C18}
		{BE944EC1-2301-4410-B9D2-C1243548F948} = {3D95D93F-9363-4FBF-BF9B-D52779CC5C18}
		{9F1FBDB5-393D-4D0F-90F0-2BAE95B905AD} = {A83CDE2A-0F69-43E5-8C06-B672EE970837}
		{85AD12E4-9953-418C-A9F9-1656470516A6} = {A83CDE2A-0F69-43E5-8C06-B672EE970837}
		{AB7D76F3-592F-4E4F-83BF-22DB490DFA70} = {0429137E-594D-4DD2-947F-75BD538C0C00}
	EndGlobalSection
	GlobalSection(ExtensibilityGlobals) = postSolution
		SolutionGuid = {C2877B1F-330D-460A-8F2D-75F4041E96BA}
	EndGlobalSection
EndGlobal
